
Microsoft Visual Studio Solution File, Format Version 12.00
# Visual Studio Version 17
VisualStudioVersion = 17.13.35818.85
MinimumVisualStudioVersion = 10.0.40219.1
Project("{FAE04EC0-301F-11D3-BF4B-00C04F79EFBC}") = "DesafioPGESEAPI.API", "DesafioPGESEAPI\DesafioPGESEAPI.API.csproj", "{BB410EB3-6BBF-4BC7-90B6-9DF746A172E6}"
EndProject
Project("{FAE04EC0-301F-11D3-BF4B-00C04F79EFBC}") = "DesafioPGESE.Application", "DesafioPGESE.Application\DesafioPGESE.Application.csproj", "{7F66236F-F794-4653-BCBC-EAEA86D2FE91}"
EndProject
Project("{FAE04EC0-301F-11D3-BF4B-00C04F79EFBC}") = "DesafioPGESE.Domain", "DesafioPGESE.Domain\DesafioPGESE.Domain.csproj", "{90F28CED-4442-4841-BB83-AFD3043C5479}"
EndProject
Project("{FAE04EC0-301F-11D3-BF4B-00C04F79EFBC}") = "DesafioPGESE.Infrastructure", "DesafioPGESE.Infrastructure\DesafioPGESE.Infrastructure.csproj", "{D467041C-192E-4B73-8A64-4A8E0CED740B}"
EndProject
Project("{2150E333-8FDC-42A3-9474-1A3956D46DE8}") = "Solution Items", "Solution Items", "{02EA681E-C7D8-13C7-8484-4AC65E1B71E8}"
	ProjectSection(SolutionItems) = preProject
		.editorconfig = .editorconfig
	EndProjectSection
EndProject
Global
	GlobalSection(SolutionConfigurationPlatforms) = preSolution
		Debug|Any CPU = Debug|Any CPU
		Release|Any CPU = Release|Any CPU
	EndGlobalSection
	GlobalSection(ProjectConfigurationPlatforms) = postSolution
		{BB410EB3-6BBF-4BC7-90B6-9DF746A172E6}.Debug|Any CPU.ActiveCfg = Debug|Any CPU
		{BB410EB3-6BBF-4BC7-90B6-9DF746A172E6}.Debug|Any CPU.Build.0 = Debug|Any CPU
		{BB410EB3-6BBF-4BC7-90B6-9DF746A172E6}.Release|Any CPU.ActiveCfg = Release|Any CPU
		{BB410EB3-6BBF-4BC7-90B6-9DF746A172E6}.Release|Any CPU.Build.0 = Release|Any CPU
		{7F66236F-F794-4653-BCBC-EAEA86D2FE91}.Debug|Any CPU.ActiveCfg = Debug|Any CPU
		{7F66236F-F794-4653-BCBC-EAEA86D2FE91}.Debug|Any CPU.Build.0 = Debug|Any CPU
		{7F66236F-F794-4653-BCBC-EAEA86D2FE91}.Release|Any CPU.ActiveCfg = Release|Any CPU
		{7F66236F-F794-4653-BCBC-EAEA86D2FE91}.Release|Any CPU.Build.0 = Release|Any CPU
		{90F28CED-4442-4841-BB83-AFD3043C5479}.Debug|Any CPU.ActiveCfg = Debug|Any CPU
		{90F28CED-4442-4841-BB83-AFD3043C5479}.Debug|Any CPU.Build.0 = Debug|Any CPU
		{90F28CED-4442-4841-BB83-AFD3043C5479}.Release|Any CPU.ActiveCfg = Release|Any CPU
		{90F28CED-4442-4841-BB83-AFD3043C5479}.Release|Any CPU.Build.0 = Release|Any CPU
		{D467041C-192E-4B73-8A64-4A8E0CED740B}.Debug|Any CPU.ActiveCfg = Debug|Any CPU
		{D467041C-192E-4B73-8A64-4A8E0CED740B}.Debug|Any CPU.Build.0 = Debug|Any CPU
		{D467041C-192E-4B73-8A64-4A8E0CED740B}.Release|Any CPU.ActiveCfg = Release|Any CPU
		{D467041C-192E-4B73-8A64-4A8E0CED740B}.Release|Any CPU.Build.0 = Release|Any CPU
	EndGlobalSection
	GlobalSection(SolutionProperties) = preSolution
		HideSolutionNode = FALSE
	EndGlobalSection
	GlobalSection(ExtensibilityGlobals) = postSolution
		SolutionGuid = {3EBBBDC3-6B3E-467B-B5C6-477464DCD57C}
	EndGlobalSection
EndGlobal
